// !$*UTF8*$!
{
	archiveVersion = 1;
	classes = {
	};
	objectVersion = 50;
	objects = {

/* Begin PBXBuildFile section */
		48720585259954C50092E30B /* SignleAnswerView.swift in Sources */ = {isa = PBXBuildFile; fileRef = 48720584259954C50092E30B /* SignleAnswerView.swift */; };
		AE491C1A25985B3E00D2E40C /* CreateComponentFunc.swift in Sources */ = {isa = PBXBuildFile; fileRef = AE491C1925985B3E00D2E40C /* CreateComponentFunc.swift */; };
		AE9D7AE3259954E100DF179F /* SingleAnswerView.swift in Sources */ = {isa = PBXBuildFile; fileRef = AE9D7AE2259954E100DF179F /* SingleAnswerView.swift */; };
		AEA1962A25941C71007DDB65 /* AppDelegate.swift in Sources */ = {isa = PBXBuildFile; fileRef = AEA1962925941C71007DDB65 /* AppDelegate.swift */; };
		AEA1962C25941C71007DDB65 /* SceneDelegate.swift in Sources */ = {isa = PBXBuildFile; fileRef = AEA1962B25941C71007DDB65 /* SceneDelegate.swift */; };
		AEA1962E25941C71007DDB65 /* IntroductionViewController.swift in Sources */ = {isa = PBXBuildFile; fileRef = AEA1962D25941C71007DDB65 /* IntroductionViewController.swift */; };
		AEA1963325941C75007DDB65 /* Assets.xcassets in Resources */ = {isa = PBXBuildFile; fileRef = AEA1963225941C75007DDB65 /* Assets.xcassets */; };
		AEA1963625941C75007DDB65 /* LaunchScreen.storyboard in Resources */ = {isa = PBXBuildFile; fileRef = AEA1963425941C75007DDB65 /* LaunchScreen.storyboard */; };
		AEA1963F25941ED5007DDB65 /* Question.swift in Sources */ = {isa = PBXBuildFile; fileRef = AEA1963E25941ED5007DDB65 /* Question.swift */; };
		AEA196432594210E007DDB65 /* QuestionViewController.swift in Sources */ = {isa = PBXBuildFile; fileRef = AEA196422594210E007DDB65 /* QuestionViewController.swift */; };
		AEA1964625942120007DDB65 /* ResultsViewController.swift in Sources */ = {isa = PBXBuildFile; fileRef = AEA1964525942120007DDB65 /* ResultsViewController.swift */; };
		AEF021C725954AC5003C5D06 /* UIView+CustomConstraintLayout.swift in Sources */ = {isa = PBXBuildFile; fileRef = AEF021C625954AC5003C5D06 /* UIView+CustomConstraintLayout.swift */; };
/* End PBXBuildFile section */

/* Begin PBXFileReference section */
		48720584259954C50092E30B /* SignleAnswerView.swift */ = {isa = PBXFileReference; lastKnownFileType = sourcecode.swift; path = SignleAnswerView.swift; sourceTree = "<group>"; };
		AE491C1925985B3E00D2E40C /* CreateComponentFunc.swift */ = {isa = PBXFileReference; lastKnownFileType = sourcecode.swift; path = CreateComponentFunc.swift; sourceTree = "<group>"; };
		AE9D7AE2259954E100DF179F /* SingleAnswerView.swift */ = {isa = PBXFileReference; lastKnownFileType = sourcecode.swift; path = SingleAnswerView.swift; sourceTree = "<group>"; };
		AEA1962625941C71007DDB65 /* Unit3_PersonalityQuiz.app */ = {isa = PBXFileReference; explicitFileType = wrapper.application; includeInIndex = 0; path = Unit3_PersonalityQuiz.app; sourceTree = BUILT_PRODUCTS_DIR; };
		AEA1962925941C71007DDB65 /* AppDelegate.swift */ = {isa = PBXFileReference; lastKnownFileType = sourcecode.swift; path = AppDelegate.swift; sourceTree = "<group>"; };
		AEA1962B25941C71007DDB65 /* SceneDelegate.swift */ = {isa = PBXFileReference; lastKnownFileType = sourcecode.swift; path = SceneDelegate.swift; sourceTree = "<group>"; };
		AEA1962D25941C71007DDB65 /* IntroductionViewController.swift */ = {isa = PBXFileReference; lastKnownFileType = sourcecode.swift; path = IntroductionViewController.swift; sourceTree = "<group>"; };
		AEA1963225941C75007DDB65 /* Assets.xcassets */ = {isa = PBXFileReference; lastKnownFileType = folder.assetcatalog; path = Assets.xcassets; sourceTree = "<group>"; };
		AEA1963525941C75007DDB65 /* Base */ = {isa = PBXFileReference; lastKnownFileType = file.storyboard; name = Base; path = Base.lproj/LaunchScreen.storyboard; sourceTree = "<group>"; };
		AEA1963725941C75007DDB65 /* Info.plist */ = {isa = PBXFileReference; lastKnownFileType = text.plist.xml; path = Info.plist; sourceTree = "<group>"; };
		AEA1963E25941ED5007DDB65 /* Question.swift */ = {isa = PBXFileReference; lastKnownFileType = sourcecode.swift; path = Question.swift; sourceTree = "<group>"; };
		AEA196422594210E007DDB65 /* QuestionViewController.swift */ = {isa = PBXFileReference; lastKnownFileType = sourcecode.swift; path = QuestionViewController.swift; sourceTree = "<group>"; };
		AEA1964525942120007DDB65 /* ResultsViewController.swift */ = {isa = PBXFileReference; lastKnownFileType = sourcecode.swift; path = ResultsViewController.swift; sourceTree = "<group>"; };
		AEF021C625954AC5003C5D06 /* UIView+CustomConstraintLayout.swift */ = {isa = PBXFileReference; lastKnownFileType = sourcecode.swift; path = "UIView+CustomConstraintLayout.swift"; sourceTree = "<group>"; };
/* End PBXFileReference section */

/* Begin PBXFrameworksBuildPhase section */
		AEA1962325941C71007DDB65 /* Frameworks */ = {
			isa = PBXFrameworksBuildPhase;
			buildActionMask = 2147483647;
			files = (
			);
			runOnlyForDeploymentPostprocessing = 0;
		};
/* End PBXFrameworksBuildPhase section */

/* Begin PBXGroup section */
		48720583259954510092E30B /* View */ = {
			isa = PBXGroup;
			children = (
				48720584259954C50092E30B /* SignleAnswerView.swift */,
			);
			path = View;
			sourceTree = "<group>";
		};
		AE491C1C25985C1100D2E40C /* ViewControllers */ = {
			isa = PBXGroup;
			children = (
				AEA1962D25941C71007DDB65 /* IntroductionViewController.swift */,
				AEA196422594210E007DDB65 /* QuestionViewController.swift */,
				AEA1964525942120007DDB65 /* ResultsViewController.swift */,
			);
			path = ViewControllers;
			sourceTree = "<group>";
		};
		AEA1961D25941C71007DDB65 = {
			isa = PBXGroup;
			children = (
				AE9D7AE2259954E100DF179F /* SingleAnswerView.swift */,
				AEA1962825941C71007DDB65 /* Unit3_PersonalityQuiz */,
				AEA1962725941C71007DDB65 /* Products */,
			);
			sourceTree = "<group>";
		};
		AEA1962725941C71007DDB65 /* Products */ = {
			isa = PBXGroup;
			children = (
				AEA1962625941C71007DDB65 /* Unit3_PersonalityQuiz.app */,
			);
			name = Products;
			sourceTree = "<group>";
		};
		AEA1962825941C71007DDB65 /* Unit3_PersonalityQuiz */ = {
			isa = PBXGroup;
			children = (
				AEA1962925941C71007DDB65 /* AppDelegate.swift */,
				AEA1962B25941C71007DDB65 /* SceneDelegate.swift */,
				48720583259954510092E30B /* View */,
				AE491C1C25985C1100D2E40C /* ViewControllers */,
				AE491C1925985B3E00D2E40C /* CreateComponentFunc.swift */,
				AEF021C625954AC5003C5D06 /* UIView+CustomConstraintLayout.swift */,
				AEA1963E25941ED5007DDB65 /* Question.swift */,
				AEA1963225941C75007DDB65 /* Assets.xcassets */,
				AEA1963425941C75007DDB65 /* LaunchScreen.storyboard */,
				AEA1963725941C75007DDB65 /* Info.plist */,
			);
			path = Unit3_PersonalityQuiz;
			sourceTree = "<group>";
		};
/* End PBXGroup section */

/* Begin PBXNativeTarget section */
		AEA1962525941C71007DDB65 /* Unit3_PersonalityQuiz */ = {
			isa = PBXNativeTarget;
			buildConfigurationList = AEA1963A25941C75007DDB65 /* Build configuration list for PBXNativeTarget "Unit3_PersonalityQuiz" */;
			buildPhases = (
				AEA1962225941C71007DDB65 /* Sources */,
				AEA1962325941C71007DDB65 /* Frameworks */,
				AEA1962425941C71007DDB65 /* Resources */,
			);
			buildRules = (
			);
			dependencies = (
			);
			name = Unit3_PersonalityQuiz;
			productName = Unit3_PersonalityQuiz;
			productReference = AEA1962625941C71007DDB65 /* Unit3_PersonalityQuiz.app */;
			productType = "com.apple.product-type.application";
		};
/* End PBXNativeTarget section */

/* Begin PBXProject section */
		AEA1961E25941C71007DDB65 /* Project object */ = {
			isa = PBXProject;
			attributes = {
				LastSwiftUpdateCheck = 1220;
				LastUpgradeCheck = 1220;
				TargetAttributes = {
					AEA1962525941C71007DDB65 = {
						CreatedOnToolsVersion = 12.2;
					};
				};
			};
			buildConfigurationList = AEA1962125941C71007DDB65 /* Build configuration list for PBXProject "Unit3_PersonalityQuiz" */;
			compatibilityVersion = "Xcode 9.3";
			developmentRegion = en;
			hasScannedForEncodings = 0;
			knownRegions = (
				en,
				Base,
			);
			mainGroup = AEA1961D25941C71007DDB65;
			productRefGroup = AEA1962725941C71007DDB65 /* Products */;
			projectDirPath = "";
			projectRoot = "";
			targets = (
				AEA1962525941C71007DDB65 /* Unit3_PersonalityQuiz */,
			);
		};
/* End PBXProject section */

/* Begin PBXResourcesBuildPhase section */
		AEA1962425941C71007DDB65 /* Resources */ = {
			isa = PBXResourcesBuildPhase;
			buildActionMask = 2147483647;
			files = (
				AEA1963625941C75007DDB65 /* LaunchScreen.storyboard in Resources */,
				AEA1963325941C75007DDB65 /* Assets.xcassets in Resources */,
			);
			runOnlyForDeploymentPostprocessing = 0;
		};
/* End PBXResourcesBuildPhase section */

/* Begin PBXSourcesBuildPhase section */
		AEA1962225941C71007DDB65 /* Sources */ = {
			isa = PBXSourcesBuildPhase;
			buildActionMask = 2147483647;
			files = (
				AEA1962E25941C71007DDB65 /* IntroductionViewController.swift in Sources */,
				AEA1963F25941ED5007DDB65 /* Question.swift in Sources */,
				AEA1962A25941C71007DDB65 /* AppDelegate.swift in Sources */,
				AE491C1A25985B3E00D2E40C /* CreateComponentFunc.swift in Sources */,
				AEF021C725954AC5003C5D06 /* UIView+CustomConstraintLayout.swift in Sources */,
				AEA196432594210E007DDB65 /* QuestionViewController.swift in Sources */,
				AEA1962C25941C71007DDB65 /* SceneDelegate.swift in Sources */,
				48720585259954C50092E30B /* SignleAnswerView.swift in Sources */,
				AEA1964625942120007DDB65 /* ResultsViewController.swift in Sources */,
				AE9D7AE3259954E100DF179F /* SingleAnswerView.swift in Sources */,
			);
			runOnlyForDeploymentPostprocessing = 0;
		};
/* End PBXSourcesBuildPhase section */

/* Begin PBXVariantGroup section */
		AEA1963425941C75007DDB65 /* LaunchScreen.storyboard */ = {
			isa = PBXVariantGroup;
			children = (
				AEA1963525941C75007DDB65 /* Base */,
			);
			name = LaunchScreen.storyboard;
			sourceTree = "<group>";
		};
/* End PBXVariantGroup section */

/* Begin XCBuildConfiguration section */
		AEA1963825941C75007DDB65 /* Debug */ = {
			isa = XCBuildConfiguration;
			buildSettings = {
				ALWAYS_SEARCH_USER_PATHS = NO;
				CLANG_ANALYZER_NONNULL = YES;
				CLANG_ANALYZER_NUMBER_OBJECT_CONVERSION = YES_AGGRESSIVE;
				CLANG_CXX_LANGUAGE_STANDARD = "gnu++14";
				CLANG_CXX_LIBRARY = "libc++";
				CLANG_ENABLE_MODULES = YES;
				CLANG_ENABLE_OBJC_ARC = YES;
				CLANG_ENABLE_OBJC_WEAK = YES;
				CLANG_WARN_BLOCK_CAPTURE_AUTORELEASING = YES;
				CLANG_WARN_BOOL_CONVERSION = YES;
				CLANG_WARN_COMMA = YES;
				CLANG_WARN_CONSTANT_CONVERSION = YES;
				CLANG_WARN_DEPRECATED_OBJC_IMPLEMENTATIONS = YES;
				CLANG_WARN_DIRECT_OBJC_ISA_USAGE = YES_ERROR;
				CLANG_WARN_DOCUMENTATION_COMMENTS = YES;
				CLANG_WARN_EMPTY_BODY = YES;
				CLANG_WARN_ENUM_CONVERSION = YES;
				CLANG_WARN_INFINITE_RECURSION = YES;
				CLANG_WARN_INT_CONVERSION = YES;
				CLANG_WARN_NON_LITERAL_NULL_CONVERSION = YES;
				CLANG_WARN_OBJC_IMPLICIT_RETAIN_SELF = YES;
				CLANG_WARN_OBJC_LITERAL_CONVERSION = YES;
				CLANG_WARN_OBJC_ROOT_CLASS = YES_ERROR;
				CLANG_WARN_QUOTED_INCLUDE_IN_FRAMEWORK_HEADER = YES;
				CLANG_WARN_RANGE_LOOP_ANALYSIS = YES;
				CLANG_WARN_STRICT_PROTOTYPES = YES;
				CLANG_WARN_SUSPICIOUS_MOVE = YES;
				CLANG_WARN_UNGUARDED_AVAILABILITY = YES_AGGRESSIVE;
				CLANG_WARN_UNREACHABLE_CODE = YES;
				CLANG_WARN__DUPLICATE_METHOD_MATCH = YES;
				COPY_PHASE_STRIP = NO;
				DEBUG_INFORMATION_FORMAT = dwarf;
				ENABLE_STRICT_OBJC_MSGSEND = YES;
				ENABLE_TESTABILITY = YES;
				GCC_C_LANGUAGE_STANDARD = gnu11;
				GCC_DYNAMIC_NO_PIC = NO;
				GCC_NO_COMMON_BLOCKS = YES;
				GCC_OPTIMIZATION_LEVEL = 0;
				GCC_PREPROCESSOR_DEFINITIONS = (
					"DEBUG=1",
					"$(inherited)",
				);
				GCC_WARN_64_TO_32_BIT_CONVERSION = YES;
				GCC_WARN_ABOUT_RETURN_TYPE = YES_ERROR;
				GCC_WARN_UNDECLARED_SELECTOR = YES;
				GCC_WARN_UNINITIALIZED_AUTOS = YES_AGGRESSIVE;
				GCC_WARN_UNUSED_FUNCTION = YES;
				GCC_WARN_UNUSED_VARIABLE = YES;
				IPHONEOS_DEPLOYMENT_TARGET = 14.2;
				MTL_ENABLE_DEBUG_INFO = INCLUDE_SOURCE;
				MTL_FAST_MATH = YES;
				ONLY_ACTIVE_ARCH = YES;
				SDKROOT = iphoneos;
				SWIFT_ACTIVE_COMPILATION_CONDITIONS = DEBUG;
				SWIFT_OPTIMIZATION_LEVEL = "-Onone";
			};
			name = Debug;
		};
		AEA1963925941C75007DDB65 /* Release */ = {
			isa = XCBuildConfiguration;
			buildSettings = {
				ALWAYS_SEARCH_USER_PATHS = NO;
				CLANG_ANALYZER_NONNULL = YES;
				CLANG_ANALYZER_NUMBER_OBJECT_CONVERSION = YES_AGGRESSIVE;
				CLANG_CXX_LANGUAGE_STANDARD = "gnu++14";
				CLANG_CXX_LIBRARY = "libc++";
				CLANG_ENABLE_MODULES = YES;
				CLANG_ENABLE_OBJC_ARC = YES;
				CLANG_ENABLE_OBJC_WEAK = YES;
				CLANG_WARN_BLOCK_CAPTURE_AUTORELEASING = YES;
				CLANG_WARN_BOOL_CONVERSION = YES;
				CLANG_WARN_COMMA = YES;
				CLANG_WARN_CONSTANT_CONVERSION = YES;
				CLANG_WARN_DEPRECATED_OBJC_IMPLEMENTATIONS = YES;
				CLANG_WARN_DIRECT_OBJC_ISA_USAGE = YES_ERROR;
				CLANG_WARN_DOCUMENTATION_COMMENTS = YES;
				CLANG_WARN_EMPTY_BODY = YES;
				CLANG_WARN_ENUM_CONVERSION = YES;
				CLANG_WARN_INFINITE_RECURSION = YES;
				CLANG_WARN_INT_CONVERSION = YES;
				CLANG_WARN_NON_LITERAL_NULL_CONVERSION = YES;
				CLANG_WARN_OBJC_IMPLICIT_RETAIN_SELF = YES;
				CLANG_WARN_OBJC_LITERAL_CONVERSION = YES;
				CLANG_WARN_OBJC_ROOT_CLASS = YES_ERROR;
				CLANG_WARN_QUOTED_INCLUDE_IN_FRAMEWORK_HEADER = YES;
				CLANG_WARN_RANGE_LOOP_ANALYSIS = YES;
				CLANG_WARN_STRICT_PROTOTYPES = YES;
				CLANG_WARN_SUSPICIOUS_MOVE = YES;
				CLANG_WARN_UNGUARDED_AVAILABILITY = YES_AGGRESSIVE;
				CLANG_WARN_UNREACHABLE_CODE = YES;
				CLANG_WARN__DUPLICATE_METHOD_MATCH = YES;
				COPY_PHASE_STRIP = NO;
				DEBUG_INFORMATION_FORMAT = "dwarf-with-dsym";
				ENABLE_NS_ASSERTIONS = NO;
				ENABLE_STRICT_OBJC_MSGSEND = YES;
				GCC_C_LANGUAGE_STANDARD = gnu11;
				GCC_NO_COMMON_BLOCKS = YES;
				GCC_WARN_64_TO_32_BIT_CONVERSION = YES;
				GCC_WARN_ABOUT_RETURN_TYPE = YES_ERROR;
				GCC_WARN_UNDECLARED_SELECTOR = YES;
				GCC_WARN_UNINITIALIZED_AUTOS = YES_AGGRESSIVE;
				GCC_WARN_UNUSED_FUNCTION = YES;
				GCC_WARN_UNUSED_VARIABLE = YES;
				IPHONEOS_DEPLOYMENT_TARGET = 14.2;
				MTL_ENABLE_DEBUG_INFO = NO;
				MTL_FAST_MATH = YES;
				SDKROOT = iphoneos;
				SWIFT_COMPILATION_MODE = wholemodule;
				SWIFT_OPTIMIZATION_LEVEL = "-O";
				VALIDATE_PRODUCT = YES;
			};
			name = Release;
		};
		AEA1963B25941C75007DDB65 /* Debug */ = {
			isa = XCBuildConfiguration;
			buildSettings = {
				ASSETCATALOG_COMPILER_APPICON_NAME = AppIcon;
				ASSETCATALOG_COMPILER_GLOBAL_ACCENT_COLOR_NAME = AccentColor;
				CODE_SIGN_STYLE = Automatic;
				DEVELOPMENT_TEAM = 429LU7R7K4;
				INFOPLIST_FILE = Unit3_PersonalityQuiz/Info.plist;
				LD_RUNPATH_SEARCH_PATHS = (
					"$(inherited)",
					"@executable_path/Frameworks",
				);
				PRODUCT_BUNDLE_IDENTIFIER = "com.yumiMachino.Unit3-PersonalityQuiz";
				PRODUCT_NAME = "$(TARGET_NAME)";
				SWIFT_VERSION = 5.0;
				TARGETED_DEVICE_FAMILY = "1,2";
			};
			name = Debug;
		};
		AEA1963C25941C75007DDB65 /* Release */ = {
			isa = XCBuildConfiguration;
			buildSettings = {
				ASSETCATALOG_COMPILER_APPICON_NAME = AppIcon;
				ASSETCATALOG_COMPILER_GLOBAL_ACCENT_COLOR_NAME = AccentColor;
				CODE_SIGN_STYLE = Automatic;
				DEVELOPMENT_TEAM = 429LU7R7K4;
				INFOPLIST_FILE = Unit3_PersonalityQuiz/Info.plist;
				LD_RUNPATH_SEARCH_PATHS = (
					"$(inherited)",
					"@executable_path/Frameworks",
				);
				PRODUCT_BUNDLE_IDENTIFIER = "com.yumiMachino.Unit3-PersonalityQuiz";
				PRODUCT_NAME = "$(TARGET_NAME)";
				SWIFT_VERSION = 5.0;
				TARGETED_DEVICE_FAMILY = "1,2";
			};
			name = Release;
		};
/* End XCBuildConfiguration section */

/* Begin XCConfigurationList section */
		AEA1962125941C71007DDB65 /* Build configuration list for PBXProject "Unit3_PersonalityQuiz" */ = {
			isa = XCConfigurationList;
			buildConfigurations = (
				AEA1963825941C75007DDB65 /* Debug */,
				AEA1963925941C75007DDB65 /* Release */,
			);
			defaultConfigurationIsVisible = 0;
			defaultConfigurationName = Release;
		};
		AEA1963A25941C75007DDB65 /* Build configuration list for PBXNativeTarget "Unit3_PersonalityQuiz" */ = {
			isa = XCConfigurationList;
			buildConfigurations = (
				AEA1963B25941C75007DDB65 /* Debug */,
				AEA1963C25941C75007DDB65 /* Release */,
			);
			defaultConfigurationIsVisible = 0;
			defaultConfigurationName = Release;
		};
/* End XCConfigurationList section */
	};
	rootObject = AEA1961E25941C71007DDB65 /* Project object */;
}
